
Microsoft Visual Studio Solution File, Format Version 12.00
# Visual Studio Version 17
VisualStudioVersion = 17.10.35004.147
MinimumVisualStudioVersion = 10.0.40219.1
Project("{9092AA53-FB77-4645-B42D-1CCCA6BD08BD}") = "BACKEND", "BACKEND.njsproj", "{444E3F1F-8D50-489E-AC18-07D46A642A41}"
EndProject
Global
	GlobalSection(SolutionConfigurationPlatforms) = preSolution
		Debug|Any CPU = Debug|Any CPU
		Release|Any CPU = Release|Any CPU
	EndGlobalSection
	GlobalSection(ProjectConfigurationPlatforms) = postSolution
		{444E3F1F-8D50-489E-AC18-07D46A642A41}.Debug|Any CPU.ActiveCfg = Debug|Any CPU
		{444E3F1F-8D50-489E-AC18-07D46A642A41}.Debug|Any CPU.Build.0 = Debug|Any CPU
		{444E3F1F-8D50-489E-AC18-07D46A642A41}.Release|Any CPU.ActiveCfg = Release|Any CPU
		{444E3F1F-8D50-489E-AC18-07D46A642A41}.Release|Any CPU.Build.0 = Release|Any CPU
	EndGlobalSection
	GlobalSection(SolutionProperties) = preSolution
		HideSolutionNode = FALSE
	EndGlobalSection
	GlobalSection(ExtensibilityGlobals) = postSolution
		SolutionGuid = {55EB1A66-9488-4196-A64B-BCFD4562336B}
	EndGlobalSection
EndGlobal
